# THIS IS AN AUTOGENERATED FILE. DO NOT EDIT THIS FILE DIRECTLY.
# yarn lockfile v1


"@pshaw/writeme@^1.0.3":
  version "1.0.3"
  resolved "https://registry.yarnpkg.com/@pshaw/writeme/-/writeme-1.0.3.tgz#b09cca49b427dd50f98c3fb53f2cfd2bf3dfd50a"
  integrity sha512-XJWz+cO/zq4oNXPbMBKG4kEaNSWkMDNa5yxytTiFkOzyaJQGZ1aBJFRJ4oVtzgahETrKqp72yHbSTTPVIiE29g==
  dependencies:
    fs-exists "^0.1.1"

fs-exists@^0.1.1:
  version "0.1.1"
  resolved "https://registry.yarnpkg.com/fs-exists/-/fs-exists-0.1.1.tgz#a0126762c5e9416a3dde695891ceb5e29fc7e133"
  integrity sha1-oBJnYsXpQWo93mlYkc614p/H4TM=
