# THIS IS AN AUTOGENERATED FILE. DO NOT EDIT THIS FILE DIRECTLY.
# yarn lockfile v1


hook-schema@^1.1.0:
  version "1.1.0"
  resolved "https://registry.yarnpkg.com/hook-schema/-/hook-schema-1.1.0.tgz#e5e10bdfb0e62475bdd4c86a442facfe3d3ca108"
  integrity sha512-m7n+SG3MbqoKrqgbx/qYktqfwgA+oDOlX8aeU8CeNeA4T5sh858kY1Vo4HykvIydSbnZ9TvykJ1S+AjJr4/Opg==
