# THIS IS AN AUTOGENERATED FILE. DO NOT EDIT THIS FILE DIRECTLY.
# yarn lockfile v1


"@pshaw/logger@^1.1.0":
  version "1.1.0"
  resolved "https://registry.yarnpkg.com/@pshaw/logger/-/logger-1.1.0.tgz#c7231daf4a3f100e00ff220ee8ae3194376b4d85"
  integrity sha512-9rgnhMO1q0s3pzMrErLUvVbjlzxztnKwWtkqAP5uWym3lRTO6XtudJaDKysC2DnZrKl2kBUcZykIRTBWuRZlEA==
