# THIS IS AN AUTOGENERATED FILE. DO NOT EDIT THIS FILE DIRECTLY.
# yarn lockfile v1


"@pshaw/convict-util@^1.1.0":
  version "1.1.0"
  resolved "https://registry.yarnpkg.com/@pshaw/convict-util/-/convict-util-1.1.0.tgz#6a2459b176affbcf701a4a8d76e6764880f428c9"
  integrity sha512-2Zxr0+yGqRwObprZIXd8ghAy9jykiUmgZ19xOlMSZSUGcEa7QZSrVX0IWSKB8gsNZn5dwm9eEdqSHfyzOCejKw==
  dependencies:
    fs-exists "^0.1.1"

fs-exists@^0.1.1:
  version "0.1.1"
  resolved "https://registry.yarnpkg.com/fs-exists/-/fs-exists-0.1.1.tgz#a0126762c5e9416a3dde695891ceb5e29fc7e133"
  integrity sha1-oBJnYsXpQWo93mlYkc614p/H4TM=
